
Microsoft Visual Studio Solution File, Format Version 12.00
# Visual Studio Version 16
VisualStudioVersion = 16.0.29806.167
MinimumVisualStudioVersion = 10.0.40219.1
Project("{FAE04EC0-301F-11D3-BF4B-00C04F79EFBC}") = "otelRez", "otelRez\otelRez.csproj", "{822BF6ED-774A-4E4C-928A-DD7CBE773820}"
EndProject
Global
	GlobalSection(SolutionConfigurationPlatforms) = preSolution
		Debug|Any CPU = Debug|Any CPU
		Release|Any CPU = Release|Any CPU
	EndGlobalSection
	GlobalSection(ProjectConfigurationPlatforms) = postSolution
		{822BF6ED-774A-4E4C-928A-DD7CBE773820}.Debug|Any CPU.ActiveCfg = Debug|Any CPU
		{822BF6ED-774A-4E4C-928A-DD7CBE773820}.Debug|Any CPU.Build.0 = Debug|Any CPU
		{822BF6ED-774A-4E4C-928A-DD7CBE773820}.Release|Any CPU.ActiveCfg = Release|Any CPU
		{822BF6ED-774A-4E4C-928A-DD7CBE773820}.Release|Any CPU.Build.0 = Release|Any CPU
	EndGlobalSection
	GlobalSection(SolutionProperties) = preSolution
		HideSolutionNode = FALSE
	EndGlobalSection
	GlobalSection(ExtensibilityGlobals) = postSolution
		SolutionGuid = {6C176012-507C-45A4-82B3-8DF12E176B1A}
	EndGlobalSection
EndGlobal
